
Microsoft Visual Studio Solution File, Format Version 12.00
# Visual Studio Version 16
VisualStudioVersion = 16.0.32228.343
MinimumVisualStudioVersion = 10.0.40219.1
Project("{9A19103F-16F7-4668-BE54-9A1E7A4F7556}") = "KIT206", "KIT206\KIT206.csproj", "{7E21DD35-1112-4FA3-93B8-5952F8746429}"
EndProject
Project("{FAE04EC0-301F-11D3-BF4B-00C04F79EFBC}") = "KIT206UI", "KIT206UI\KIT206UI.csproj", "{A8D79B0E-6D2B-4F2C-80B4-90FE578989DD}"
EndProject
Project("{FAE04EC0-301F-11D3-BF4B-00C04F79EFBC}") = "MySQL Console App", "MySQL Console App\MySQL Console App.csproj", "{BCF03510-7CAB-490F-8976-2B63D989A8DD}"
EndProject
Global
	GlobalSection(SolutionConfigurationPlatforms) = preSolution
		Debug|Any CPU = Debug|Any CPU
		Release|Any CPU = Release|Any CPU
	EndGlobalSection
	GlobalSection(ProjectConfigurationPlatforms) = postSolution
		{7E21DD35-1112-4FA3-93B8-5952F8746429}.Debug|Any CPU.ActiveCfg = Debug|Any CPU
		{7E21DD35-1112-4FA3-93B8-5952F8746429}.Debug|Any CPU.Build.0 = Debug|Any CPU
		{7E21DD35-1112-4FA3-93B8-5952F8746429}.Release|Any CPU.ActiveCfg = Release|Any CPU
		{7E21DD35-1112-4FA3-93B8-5952F8746429}.Release|Any CPU.Build.0 = Release|Any CPU
		{A8D79B0E-6D2B-4F2C-80B4-90FE578989DD}.Debug|Any CPU.ActiveCfg = Debug|Any CPU
		{A8D79B0E-6D2B-4F2C-80B4-90FE578989DD}.Debug|Any CPU.Build.0 = Debug|Any CPU
		{A8D79B0E-6D2B-4F2C-80B4-90FE578989DD}.Release|Any CPU.ActiveCfg = Release|Any CPU
		{A8D79B0E-6D2B-4F2C-80B4-90FE578989DD}.Release|Any CPU.Build.0 = Release|Any CPU
		{BCF03510-7CAB-490F-8976-2B63D989A8DD}.Debug|Any CPU.ActiveCfg = Debug|Any CPU
		{BCF03510-7CAB-490F-8976-2B63D989A8DD}.Debug|Any CPU.Build.0 = Debug|Any CPU
		{BCF03510-7CAB-490F-8976-2B63D989A8DD}.Release|Any CPU.ActiveCfg = Release|Any CPU
		{BCF03510-7CAB-490F-8976-2B63D989A8DD}.Release|Any CPU.Build.0 = Release|Any CPU
	EndGlobalSection
	GlobalSection(SolutionProperties) = preSolution
		HideSolutionNode = FALSE
	EndGlobalSection
	GlobalSection(ExtensibilityGlobals) = postSolution
		SolutionGuid = {6C786ADA-7330-489F-B6D8-7AAE3D2FF722}
	EndGlobalSection
EndGlobal
